# This file is autogenerated, do not edit; changes may be undone by the next 'dep ensure'.


[[projects]]
  digest = "1:bd8bc15ce3a9929e2777651cbc271fca5561c0d5f42187edb4720e638d24662d"
  name = "github.com/beevik/etree"
  packages = ["."]
  pruneopts = "UT"
  revision = "8aee6516be3b1163bb6450c35c50e4969e3a3aa8"
  version = "v1.1.0"

[[projects]]
  branch = "master"
  digest = "1:6320d3f3e8b09b6c4f2f7cb18b37e9810da0979c3186ccc3b359baeafde5f940"
  name = "github.com/crewjam/errset"
  packages = ["."]
  pruneopts = "UT"
  revision = "f78d65de925cf59a953184a376cbfe07cfe65e3d"

[[projects]]
  branch = "master"
  digest = "1:527cc54bc4b2fb7482231639d642fefc10d2e890a71b1ad3f3505db8a0b2eb69"
  name = "github.com/crewjam/go-xmlsec"
  packages = ["."]
  pruneopts = "UT"
  revision = "1aa2f9374afac12f9864ced5babe8ff74427eed2"

[solve-meta]
  analyzer-name = "dep"
  analyzer-version = 1
  input-imports = [
    "github.com/beevik/etree",
    "github.com/crewjam/go-xmlsec"
  ]
  solver-name = "gps-cdcl"
  solver-version = 1
