# This file is autogenerated, do not edit; changes may be undone by the next 'dep ensure'.


[[projects]]
  digest = "1:bd8bc15ce3a9929e2777651cbc271fca5561c0d5f42187edb4720e638d24662d"
  name = "github.com/beevik/etree"
  packages = ["."]
  pruneopts = "UT"
  revision = "8aee6516be3b1163bb6450c35c50e4969e3a3aa8"
  version = "v1.1.0"

[[projects]]
  branch = "master"
  digest = "1:6320d3f3e8b09b6c4f2f7cb18b37e9810da0979c3186ccc3b359baeafde5f940"
  name = "github.com/crewjam/errset"
  packages = ["."]
  pruneopts = "UT"
  revision = "f78d65de925cf59a953184a376cbfe07cfe65e3d"

[[projects]]
  branch = "master"
  digest = "1:527cc54bc4b2fb7482231639d642fefc10d2e890a71b1ad3f3505db8a0b2eb69"
  name = "github.com/crewjam/go-xmlsec"
  packages = ["."]
  pruneopts = "UT"
  revision = "1aa2f9374afac12f9864ced5babe8ff74427eed2"

[[projects]]
  branch = "master"
  digest = "1:78102ee4d536347316bc42e818340cc50902e45dbd7fdd524c5a1fc0cb07b588"
  name = "github.com/globalsign/mgo"
  packages = [
    ".",
    "bson",
    "internal/json",
    "internal/sasl",
    "internal/scram"
  ]
  pruneopts = "UT"
  revision = "eeefdecb41b842af6dc652aaea4026e8403e62df"

[[projects]]
  digest = "1:e72d1ebb8d395cf9f346fd9cbc652e5ae222dd85e0ac842dc57f175abed6d195"
  name = "github.com/gorilla/securecookie"
  packages = ["."]
  pruneopts = "UT"
  revision = "e59506cc896acb7f7bf732d4fdf5e25f7ccd8983"
  version = "v1.1.1"

[[projects]]
  digest = "1:172c862eabc72e90f461bcef223c49869628bec6d989386dfb03281ae3222148"
  name = "github.com/gorilla/sessions"
  packages = ["."]
  pruneopts = "UT"
  revision = "4355a998706e83fe1d71c31b07af94e34f68d74a"
  version = "v1.2.0"

[[projects]]
  branch = "master"
  digest = "1:8272039e2c8300ec3cd1d04e8655dc57ab19ef1e08a60d8dad598598def2a548"
  name = "github.com/kidstuff/mongostore"
  packages = ["."]
  pruneopts = "UT"
  revision = "e650cd85ee4b2a2123aba049bb15ebfd6e727fae"

[solve-meta]
  analyzer-name = "dep"
  analyzer-version = 1
  input-imports = [
    "github.com/beevik/etree",
    "github.com/crewjam/go-xmlsec",
    "github.com/globalsign/mgo",
    "github.com/gorilla/sessions",
    "github.com/kidstuff/mongostore"
  ]
  solver-name = "gps-cdcl"
  solver-version = 1
